
Microsoft Visual Studio Solution File, Format Version 12.00
# Visual Studio Version 17
VisualStudioVersion = 17.3.32922.545
MinimumVisualStudioVersion = 10.0.40219.1
Project("{9A19103F-16F7-4668-BE54-9A1E7A4F7556}") = "AzureLocationTracking.TrackerDevice", "AzureLocationTracking.TrackerDevice\AzureLocationTracking.TrackerDevice.csproj", "{D5CF9117-DDB4-46BB-9A83-DD0C91D02826}"
EndProject
Project("{9A19103F-16F7-4668-BE54-9A1E7A4F7556}") = "AzureLocationTracking.Messages", "AzureLocationTracking.Messages\AzureLocationTracking.Messages.csproj", "{3BF6EB8C-FDE2-47CE-8F55-BC79D0C29803}"
EndProject
Project("{9A19103F-16F7-4668-BE54-9A1E7A4F7556}") = "AzureLocationTracking.Functions", "AzureLocationTracking.Functions\AzureLocationTracking.Functions.csproj", "{0E624965-3683-4125-B7C6-1383AC26FF64}"
EndProject
Project("{9A19103F-16F7-4668-BE54-9A1E7A4F7556}") = "AzureLocationTracking.SignalRReceiver", "AzureLocationTracking.SignalRReceiver\AzureLocationTracking.SignalRReceiver.csproj", "{BEB7818B-3C4E-4221-81E1-D9BD92CBCB85}"
EndProject
Global
	GlobalSection(SolutionConfigurationPlatforms) = preSolution
		Debug|Any CPU = Debug|Any CPU
		Release|Any CPU = Release|Any CPU
	EndGlobalSection
	GlobalSection(ProjectConfigurationPlatforms) = postSolution
		{D5CF9117-DDB4-46BB-9A83-DD0C91D02826}.Debug|Any CPU.ActiveCfg = Debug|Any CPU
		{D5CF9117-DDB4-46BB-9A83-DD0C91D02826}.Debug|Any CPU.Build.0 = Debug|Any CPU
		{D5CF9117-DDB4-46BB-9A83-DD0C91D02826}.Release|Any CPU.ActiveCfg = Release|Any CPU
		{D5CF9117-DDB4-46BB-9A83-DD0C91D02826}.Release|Any CPU.Build.0 = Release|Any CPU
		{3BF6EB8C-FDE2-47CE-8F55-BC79D0C29803}.Debug|Any CPU.ActiveCfg = Debug|Any CPU
		{3BF6EB8C-FDE2-47CE-8F55-BC79D0C29803}.Debug|Any CPU.Build.0 = Debug|Any CPU
		{3BF6EB8C-FDE2-47CE-8F55-BC79D0C29803}.Release|Any CPU.ActiveCfg = Release|Any CPU
		{3BF6EB8C-FDE2-47CE-8F55-BC79D0C29803}.Release|Any CPU.Build.0 = Release|Any CPU
		{0E624965-3683-4125-B7C6-1383AC26FF64}.Debug|Any CPU.ActiveCfg = Debug|Any CPU
		{0E624965-3683-4125-B7C6-1383AC26FF64}.Debug|Any CPU.Build.0 = Debug|Any CPU
		{0E624965-3683-4125-B7C6-1383AC26FF64}.Release|Any CPU.ActiveCfg = Release|Any CPU
		{0E624965-3683-4125-B7C6-1383AC26FF64}.Release|Any CPU.Build.0 = Release|Any CPU
		{BEB7818B-3C4E-4221-81E1-D9BD92CBCB85}.Debug|Any CPU.ActiveCfg = Debug|Any CPU
		{BEB7818B-3C4E-4221-81E1-D9BD92CBCB85}.Debug|Any CPU.Build.0 = Debug|Any CPU
		{BEB7818B-3C4E-4221-81E1-D9BD92CBCB85}.Release|Any CPU.ActiveCfg = Release|Any CPU
		{BEB7818B-3C4E-4221-81E1-D9BD92CBCB85}.Release|Any CPU.Build.0 = Release|Any CPU
	EndGlobalSection
	GlobalSection(SolutionProperties) = preSolution
		HideSolutionNode = FALSE
	EndGlobalSection
	GlobalSection(ExtensibilityGlobals) = postSolution
		SolutionGuid = {24E0C559-9E25-4394-BC17-4142A0C1D752}
	EndGlobalSection
EndGlobal
